
Microsoft Visual Studio Solution File, Format Version 12.00
# Visual Studio Version 16
VisualStudioVersion = 16.0.30523.141
MinimumVisualStudioVersion = 10.0.40219.1
Project("{FAE04EC0-301F-11D3-BF4B-00C04F79EFBC}") = "DataProcessor", "DataProcessor\DataProcessor.csproj", "{56372617-813E-4882-AE3F-077FF2D7B63F}"
EndProject
Project("{FAE04EC0-301F-11D3-BF4B-00C04F79EFBC}") = "UnitTests", "UnitTests\UnitTests.csproj", "{D5459D47-29EE-43E3-A525-FD88F4384F7B}"
EndProject
Global
	GlobalSection(SolutionConfigurationPlatforms) = preSolution
		Debug|Any CPU = Debug|Any CPU
		Release|Any CPU = Release|Any CPU
	EndGlobalSection
	GlobalSection(ProjectConfigurationPlatforms) = postSolution
		{56372617-813E-4882-AE3F-077FF2D7B63F}.Debug|Any CPU.ActiveCfg = Debug|Any CPU
		{56372617-813E-4882-AE3F-077FF2D7B63F}.Debug|Any CPU.Build.0 = Debug|Any CPU
		{56372617-813E-4882-AE3F-077FF2D7B63F}.Release|Any CPU.ActiveCfg = Release|Any CPU
		{56372617-813E-4882-AE3F-077FF2D7B63F}.Release|Any CPU.Build.0 = Release|Any CPU
		{D5459D47-29EE-43E3-A525-FD88F4384F7B}.Debug|Any CPU.ActiveCfg = Debug|Any CPU
		{D5459D47-29EE-43E3-A525-FD88F4384F7B}.Debug|Any CPU.Build.0 = Debug|Any CPU
		{D5459D47-29EE-43E3-A525-FD88F4384F7B}.Release|Any CPU.ActiveCfg = Release|Any CPU
		{D5459D47-29EE-43E3-A525-FD88F4384F7B}.Release|Any CPU.Build.0 = Release|Any CPU
	EndGlobalSection
	GlobalSection(SolutionProperties) = preSolution
		HideSolutionNode = FALSE
	EndGlobalSection
	GlobalSection(ExtensibilityGlobals) = postSolution
		SolutionGuid = {D81627AF-BD08-4561-96D6-FEB065016410}
	EndGlobalSection
EndGlobal
